// !$*UTF8*$!
{
	archiveVersion = 1;
	classes = {
	};
	objectVersion = 46;
	objects = {

/* Begin PBXBuildFile section */
		013204FD1F83DC289AE0629F /* Pods_TestApp.framework in Frameworks */ = {isa = PBXBuildFile; fileRef = D42A84B97B88A390C89BF271 /* Pods_TestApp.framework */; };
		633816AC5A966289005BB3D1 /* Pods_TestAppTests.framework in Frameworks */ = {isa = PBXBuildFile; fileRef = 26CC2A5BCB1B3EB6F2C98924 /* Pods_TestAppTests.framework */; };
		A771E7DE1F04353200E99039 /* AppDelegate.swift in Sources */ = {isa = PBXBuildFile; fileRef = A771E7DD1F04353200E99039 /* AppDelegate.swift */; };
		A771E7E01F04353200E99039 /* ViewController.swift in Sources */ = {isa = PBXBuildFile; fileRef = A771E7DF1F04353200E99039 /* ViewController.swift */; };
		A771E7E31F04353200E99039 /* Main.storyboard in Resources */ = {isa = PBXBuildFile; fileRef = A771E7E11F04353200E99039 /* Main.storyboard */; };
		A771E7E51F04353200E99039 /* Assets.xcassets in Resources */ = {isa = PBXBuildFile; fileRef = A771E7E41F04353200E99039 /* Assets.xcassets */; };
		A771E7E81F04353200E99039 /* LaunchScreen.storyboard in Resources */ = {isa = PBXBuildFile; fileRef = A771E7E61F04353200E99039 /* LaunchScreen.storyboard */; };
		A771E7F31F04353200E99039 /* TestAppTests.swift in Sources */ = {isa = PBXBuildFile; fileRef = A771E7F21F04353200E99039 /* TestAppTests.swift */; };
/* End PBXBuildFile section */

/* Begin PBXContainerItemProxy section */
		A771E7EF1F04353200E99039 /* PBXContainerItemProxy */ = {
			isa = PBXContainerItemProxy;
			containerPortal = A771E7D21F04353200E99039 /* Project object */;
			proxyType = 1;
			remoteGlobalIDString = A771E7D91F04353200E99039;
			remoteInfo = TestApp;
		};
/* End PBXContainerItemProxy section */

/* Begin PBXFileReference section */
		26CC2A5BCB1B3EB6F2C98924 /* Pods_TestAppTests.framework */ = {isa = PBXFileReference; explicitFileType = wrapper.framework; includeInIndex = 0; path = Pods_TestAppTests.framework; sourceTree = BUILT_PRODUCTS_DIR; };
		3072FC4003DE71F0E9E80915 /* Pods-TestApp.debug.xcconfig */ = {isa = PBXFileReference; includeInIndex = 1; lastKnownFileType = text.xcconfig; name = "Pods-TestApp.debug.xcconfig"; path = "Pods/Target Support Files/Pods-TestApp/Pods-TestApp.debug.xcconfig"; sourceTree = "<group>"; };
		9A9CCE494F958EC0C627CF55 /* Pods-TestApp.release.xcconfig */ = {isa = PBXFileReference; includeInIndex = 1; lastKnownFileType = text.xcconfig; name = "Pods-TestApp.release.xcconfig"; path = "Pods/Target Support Files/Pods-TestApp/Pods-TestApp.release.xcconfig"; sourceTree = "<group>"; };
		A73CF477E3532A8D10B96992 /* Pods-TestAppTests.release.xcconfig */ = {isa = PBXFileReference; includeInIndex = 1; lastKnownFileType = text.xcconfig; name = "Pods-TestAppTests.release.xcconfig"; path = "Pods/Target Support Files/Pods-TestAppTests/Pods-TestAppTests.release.xcconfig"; sourceTree = "<group>"; };
		A771E7DA1F04353200E99039 /* TestApp.app */ = {isa = PBXFileReference; explicitFileType = wrapper.application; includeInIndex = 0; path = TestApp.app; sourceTree = BUILT_PRODUCTS_DIR; };
		A771E7DD1F04353200E99039 /* AppDelegate.swift */ = {isa = PBXFileReference; lastKnownFileType = sourcecode.swift; path = AppDelegate.swift; sourceTree = "<group>"; };
		A771E7DF1F04353200E99039 /* ViewController.swift */ = {isa = PBXFileReference; lastKnownFileType = sourcecode.swift; path = ViewController.swift; sourceTree = "<group>"; };
		A771E7E21F04353200E99039 /* Base */ = {isa = PBXFileReference; lastKnownFileType = file.storyboard; name = Base; path = Base.lproj/Main.storyboard; sourceTree = "<group>"; };
		A771E7E41F04353200E99039 /* Assets.xcassets */ = {isa = PBXFileReference; lastKnownFileType = folder.assetcatalog; path = Assets.xcassets; sourceTree = "<group>"; };
		A771E7E71F04353200E99039 /* Base */ = {isa = PBXFileReference; lastKnownFileType = file.storyboard; name = Base; path = Base.lproj/LaunchScreen.storyboard; sourceTree = "<group>"; };
		A771E7E91F04353200E99039 /* Info.plist */ = {isa = PBXFileReference; lastKnownFileType = text.plist.xml; path = Info.plist; sourceTree = "<group>"; };
		A771E7EE1F04353200E99039 /* TestAppTests.xctest */ = {isa = PBXFileReference; explicitFileType = wrapper.cfbundle; includeInIndex = 0; path = TestAppTests.xctest; sourceTree = BUILT_PRODUCTS_DIR; };
		A771E7F21F04353200E99039 /* TestAppTests.swift */ = {isa = PBXFileReference; lastKnownFileType = sourcecode.swift; path = TestAppTests.swift; sourceTree = "<group>"; };
		A771E7F41F04353200E99039 /* Info.plist */ = {isa = PBXFileReference; lastKnownFileType = text.plist.xml; path = Info.plist; sourceTree = "<group>"; };
		C001E11E9E0C484BC88593EE /* Pods-TestAppTests.debug.xcconfig */ = {isa = PBXFileReference; includeInIndex = 1; lastKnownFileType = text.xcconfig; name = "Pods-TestAppTests.debug.xcconfig"; path = "Pods/Target Support Files/Pods-TestAppTests/Pods-TestAppTests.debug.xcconfig"; sourceTree = "<group>"; };
		D42A84B97B88A390C89BF271 /* Pods_TestApp.framework */ = {isa = PBXFileReference; explicitFileType = wrapper.framework; includeInIndex = 0; path = Pods_TestApp.framework; sourceTree = BUILT_PRODUCTS_DIR; };
/* End PBXFileReference section */

/* Begin PBXFrameworksBuildPhase section */
		A771E7D71F04353200E99039 /* Frameworks */ = {
			isa = PBXFrameworksBuildPhase;
			buildActionMask = 2147483647;
			files = (
				013204FD1F83DC289AE0629F /* Pods_TestApp.framework in Frameworks */,
			);
			runOnlyForDeploymentPostprocessing = 0;
		};
		A771E7EB1F04353200E99039 /* Frameworks */ = {
			isa = PBXFrameworksBuildPhase;
			buildActionMask = 2147483647;
			files = (
				633816AC5A966289005BB3D1 /* Pods_TestAppTests.framework in Frameworks */,
			);
			runOnlyForDeploymentPostprocessing = 0;
		};
/* End PBXFrameworksBuildPhase section */

/* Begin PBXGroup section */
		40E42442C58049A586736E57 /* Frameworks */ = {
			isa = PBXGroup;
			children = (
				D42A84B97B88A390C89BF271 /* Pods_TestApp.framework */,
				26CC2A5BCB1B3EB6F2C98924 /* Pods_TestAppTests.framework */,
			);
			name = Frameworks;
			sourceTree = "<group>";
		};
		454E46C531989A54DFA9867F /* Pods */ = {
			isa = PBXGroup;
			children = (
				3072FC4003DE71F0E9E80915 /* Pods-TestApp.debug.xcconfig */,
				9A9CCE494F958EC0C627CF55 /* Pods-TestApp.release.xcconfig */,
				C001E11E9E0C484BC88593EE /* Pods-TestAppTests.debug.xcconfig */,
				A73CF477E3532A8D10B96992 /* Pods-TestAppTests.release.xcconfig */,
			);
			name = Pods;
			sourceTree = "<group>";
		};
		A771E7D11F04353200E99039 = {
			isa = PBXGroup;
			children = (
				A771E7DC1F04353200E99039 /* TestApp */,
				A771E7F11F04353200E99039 /* TestAppTests */,
				A771E7DB1F04353200E99039 /* Products */,
				454E46C531989A54DFA9867F /* Pods */,
				40E42442C58049A586736E57 /* Frameworks */,
			);
			sourceTree = "<group>";
		};
		A771E7DB1F04353200E99039 /* Products */ = {
			isa = PBXGroup;
			children = (
				A771E7DA1F04353200E99039 /* TestApp.app */,
				A771E7EE1F04353200E99039 /* TestAppTests.xctest */,
			);
			name = Products;
			sourceTree = "<group>";
		};
		A771E7DC1F04353200E99039 /* TestApp */ = {
			isa = PBXGroup;
			children = (
				A771E7DD1F04353200E99039 /* AppDelegate.swift */,
				A771E7DF1F04353200E99039 /* ViewController.swift */,
				A771E7E11F04353200E99039 /* Main.storyboard */,
				A771E7E41F04353200E99039 /* Assets.xcassets */,
				A771E7E61F04353200E99039 /* LaunchScreen.storyboard */,
				A771E7E91F04353200E99039 /* Info.plist */,
			);
			path = TestApp;
			sourceTree = "<group>";
		};
		A771E7F11F04353200E99039 /* TestAppTests */ = {
			isa = PBXGroup;
			children = (
				A771E7F21F04353200E99039 /* TestAppTests.swift */,
				A771E7F41F04353200E99039 /* Info.plist */,
			);
			path = TestAppTests;
			sourceTree = "<group>";
		};
/* End PBXGroup section */

/* Begin PBXNativeTarget section */
		A771E7D91F04353200E99039 /* TestApp */ = {
			isa = PBXNativeTarget;
			buildConfigurationList = A771E7F71F04353200E99039 /* Build configuration list for PBXNativeTarget "TestApp" */;
			buildPhases = (
				B3C1121826B9AD1B5567D27F /* [CP] Check Pods Manifest.lock */,
				A771E7D61F04353200E99039 /* Sources */,
				A771E7D71F04353200E99039 /* Frameworks */,
				A771E7D81F04353200E99039 /* Resources */,
				D67F54A947561019F7C1A4D9 /* [CP] Embed Pods Frameworks */,
				A6B567208837B425CF2171F3 /* [CP] Copy Pods Resources */,
			);
			buildRules = (
			);
			dependencies = (
			);
			name = TestApp;
			productName = TestApp;
			productReference = A771E7DA1F04353200E99039 /* TestApp.app */;
			productType = "com.apple.product-type.application";
		};
		A771E7ED1F04353200E99039 /* TestAppTests */ = {
			isa = PBXNativeTarget;
			buildConfigurationList = A771E7FA1F04353200E99039 /* Build configuration list for PBXNativeTarget "TestAppTests" */;
			buildPhases = (
				6AE74AFF8F719015A2371F37 /* [CP] Check Pods Manifest.lock */,
				A771E7EA1F04353200E99039 /* Sources */,
				A771E7EB1F04353200E99039 /* Frameworks */,
				A771E7EC1F04353200E99039 /* Resources */,
				32230002E52651EA72DE41AE /* [CP] Embed Pods Frameworks */,
				344078610BDEBBF3A10BA805 /* [CP] Copy Pods Resources */,
			);
			buildRules = (
			);
			dependencies = (
				A771E7F01F04353200E99039 /* PBXTargetDependency */,
			);
			name = TestAppTests;
			productName = TestAppTests;
			productReference = A771E7EE1F04353200E99039 /* TestAppTests.xctest */;
			productType = "com.apple.product-type.bundle.unit-test";
		};
/* End PBXNativeTarget section */

/* Begin PBXProject section */
		A771E7D21F04353200E99039 /* Project object */ = {
			isa = PBXProject;
			attributes = {
				LastSwiftUpdateCheck = 0720;
				LastUpgradeCheck = 0720;
				ORGANIZATIONNAME = "Oliver Curry";
				TargetAttributes = {
					A771E7D91F04353200E99039 = {
						CreatedOnToolsVersion = 7.2.1;
						LastSwiftMigration = 0830;
					};
					A771E7ED1F04353200E99039 = {
						CreatedOnToolsVersion = 7.2.1;
						LastSwiftMigration = 0830;
						TestTargetID = A771E7D91F04353200E99039;
					};
				};
			};
			buildConfigurationList = A771E7D51F04353200E99039 /* Build configuration list for PBXProject "TestApp" */;
			compatibilityVersion = "Xcode 3.2";
			developmentRegion = English;
			hasScannedForEncodings = 0;
			knownRegions = (
				en,
				Base,
			);
			mainGroup = A771E7D11F04353200E99039;
			productRefGroup = A771E7DB1F04353200E99039 /* Products */;
			projectDirPath = "";
			projectRoot = "";
			targets = (
				A771E7D91F04353200E99039 /* TestApp */,
				A771E7ED1F04353200E99039 /* TestAppTests */,
			);
		};
/* End PBXProject section */

/* Begin PBXResourcesBuildPhase section */
		A771E7D81F04353200E99039 /* Resources */ = {
			isa = PBXResourcesBuildPhase;
			buildActionMask = 2147483647;
			files = (
				A771E7E81F04353200E99039 /* LaunchScreen.storyboard in Resources */,
				A771E7E51F04353200E99039 /* Assets.xcassets in Resources */,
				A771E7E31F04353200E99039 /* Main.storyboard in Resources */,
			);
			runOnlyForDeploymentPostprocessing = 0;
		};
		A771E7EC1F04353200E99039 /* Resources */ = {
			isa = PBXResourcesBuildPhase;
			buildActionMask = 2147483647;
			files = (
			);
			runOnlyForDeploymentPostprocessing = 0;
		};
/* End PBXResourcesBuildPhase section */

/* Begin PBXShellScriptBuildPhase section */
		32230002E52651EA72DE41AE /* [CP] Embed Pods Frameworks */ = {
			isa = PBXShellScriptBuildPhase;
			buildActionMask = 2147483647;
			files = (
			);
			inputPaths = (
			);
			name = "[CP] Embed Pods Frameworks";
			outputPaths = (
			);
			runOnlyForDeploymentPostprocessing = 0;
			shellPath = /bin/sh;
			shellScript = "\"${SRCROOT}/Pods/Target Support Files/Pods-TestAppTests/Pods-TestAppTests-frameworks.sh\"\n";
			showEnvVarsInLog = 0;
		};
		344078610BDEBBF3A10BA805 /* [CP] Copy Pods Resources */ = {
			isa = PBXShellScriptBuildPhase;
			buildActionMask = 2147483647;
			files = (
			);
			inputPaths = (
			);
			name = "[CP] Copy Pods Resources";
			outputPaths = (
			);
			runOnlyForDeploymentPostprocessing = 0;
			shellPath = /bin/sh;
			shellScript = "\"${SRCROOT}/Pods/Target Support Files/Pods-TestAppTests/Pods-TestAppTests-resources.sh\"\n";
			showEnvVarsInLog = 0;
		};
		6AE74AFF8F719015A2371F37 /* [CP] Check Pods Manifest.lock */ = {
			isa = PBXShellScriptBuildPhase;
			buildActionMask = 2147483647;
			files = (
			);
			inputPaths = (
			);
			name = "[CP] Check Pods Manifest.lock";
			outputPaths = (
			);
			runOnlyForDeploymentPostprocessing = 0;
			shellPath = /bin/sh;
			shellScript = "diff \"${PODS_PODFILE_DIR_PATH}/Podfile.lock\" \"${PODS_ROOT}/Manifest.lock\" > /dev/null\nif [ $? != 0 ] ; then\n    # print error to STDERR\n    echo \"error: The sandbox is not in sync with the Podfile.lock. Run 'pod install' or update your CocoaPods installation.\" >&2\n    exit 1\nfi\n";
			showEnvVarsInLog = 0;
		};
		A6B567208837B425CF2171F3 /* [CP] Copy Pods Resources */ = {
			isa = PBXShellScriptBuildPhase;
			buildActionMask = 2147483647;
			files = (
			);
			inputPaths = (
			);
			name = "[CP] Copy Pods Resources";
			outputPaths = (
			);
			runOnlyForDeploymentPostprocessing = 0;
			shellPath = /bin/sh;
			shellScript = "\"${SRCROOT}/Pods/Target Support Files/Pods-TestApp/Pods-TestApp-resources.sh\"\n";
			showEnvVarsInLog = 0;
		};
		B3C1121826B9AD1B5567D27F /* [CP] Check Pods Manifest.lock */ = {
			isa = PBXShellScriptBuildPhase;
			buildActionMask = 2147483647;
			files = (
			);
			inputPaths = (
			);
			name = "[CP] Check Pods Manifest.lock";
			outputPaths = (
			);
			runOnlyForDeploymentPostprocessing = 0;
			shellPath = /bin/sh;
			shellScript = "diff \"${PODS_PODFILE_DIR_PATH}/Podfile.lock\" \"${PODS_ROOT}/Manifest.lock\" > /dev/null\nif [ $? != 0 ] ; then\n    # print error to STDERR\n    echo \"error: The sandbox is not in sync with the Podfile.lock. Run 'pod install' or update your CocoaPods installation.\" >&2\n    exit 1\nfi\n";
			showEnvVarsInLog = 0;
		};
		D67F54A947561019F7C1A4D9 /* [CP] Embed Pods Frameworks */ = {
			isa = PBXShellScriptBuildPhase;
			buildActionMask = 2147483647;
			files = (
			);
			inputPaths = (
			);
			name = "[CP] Embed Pods Frameworks";
			outputPaths = (
			);
			runOnlyForDeploymentPostprocessing = 0;
			shellPath = /bin/sh;
			shellScript = "\"${SRCROOT}/Pods/Target Support Files/Pods-TestApp/Pods-TestApp-frameworks.sh\"\n";
			showEnvVarsInLog = 0;
		};
/* End PBXShellScriptBuildPhase section */

/* Begin PBXSourcesBuildPhase section */
		A771E7D61F04353200E99039 /* Sources */ = {
			isa = PBXSourcesBuildPhase;
			buildActionMask = 2147483647;
			files = (
				A771E7E01F04353200E99039 /* ViewController.swift in Sources */,
				A771E7DE1F04353200E99039 /* AppDelegate.swift in Sources */,
			);
			runOnlyForDeploymentPostprocessing = 0;
		};
		A771E7EA1F04353200E99039 /* Sources */ = {
			isa = PBXSourcesBuildPhase;
			buildActionMask = 2147483647;
			files = (
				A771E7F31F04353200E99039 /* TestAppTests.swift in Sources */,
			);
			runOnlyForDeploymentPostprocessing = 0;
		};
/* End PBXSourcesBuildPhase section */

/* Begin PBXTargetDependency section */
		A771E7F01F04353200E99039 /* PBXTargetDependency */ = {
			isa = PBXTargetDependency;
			target = A771E7D91F04353200E99039 /* TestApp */;
			targetProxy = A771E7EF1F04353200E99039 /* PBXContainerItemProxy */;
		};
/* End PBXTargetDependency section */

/* Begin PBXVariantGroup section */
		A771E7E11F04353200E99039 /* Main.storyboard */ = {
			isa = PBXVariantGroup;
			children = (
				A771E7E21F04353200E99039 /* Base */,
			);
			name = Main.storyboard;
			sourceTree = "<group>";
		};
		A771E7E61F04353200E99039 /* LaunchScreen.storyboard */ = {
			isa = PBXVariantGroup;
			children = (
				A771E7E71F04353200E99039 /* Base */,
			);
			name = LaunchScreen.storyboard;
			sourceTree = "<group>";
		};
/* End PBXVariantGroup section */

/* Begin XCBuildConfiguration section */
		A771E7F51F04353200E99039 /* Debug */ = {
			isa = XCBuildConfiguration;
			buildSettings = {
				ALWAYS_SEARCH_USER_PATHS = NO;
				CLANG_CXX_LANGUAGE_STANDARD = "gnu++0x";
				CLANG_CXX_LIBRARY = "libc++";
				CLANG_ENABLE_MODULES = YES;
				CLANG_ENABLE_OBJC_ARC = YES;
				CLANG_WARN_BOOL_CONVERSION = YES;
				CLANG_WARN_CONSTANT_CONVERSION = YES;
				CLANG_WARN_DIRECT_OBJC_ISA_USAGE = YES_ERROR;
				CLANG_WARN_EMPTY_BODY = YES;
				CLANG_WARN_ENUM_CONVERSION = YES;
				CLANG_WARN_INT_CONVERSION = YES;
				CLANG_WARN_OBJC_ROOT_CLASS = YES_ERROR;
				CLANG_WARN_UNREACHABLE_CODE = YES;
				CLANG_WARN__DUPLICATE_METHOD_MATCH = YES;
				"CODE_SIGN_IDENTITY[sdk=iphoneos*]" = "iPhone Developer";
				COPY_PHASE_STRIP = NO;
				DEBUG_INFORMATION_FORMAT = dwarf;
				ENABLE_STRICT_OBJC_MSGSEND = YES;
				ENABLE_TESTABILITY = YES;
				GCC_C_LANGUAGE_STANDARD = gnu99;
				GCC_DYNAMIC_NO_PIC = NO;
				GCC_NO_COMMON_BLOCKS = YES;
				GCC_OPTIMIZATION_LEVEL = 0;
				GCC_PREPROCESSOR_DEFINITIONS = (
					"DEBUG=1",
					"$(inherited)",
				);
				GCC_WARN_64_TO_32_BIT_CONVERSION = YES;
				GCC_WARN_ABOUT_RETURN_TYPE = YES_ERROR;
				GCC_WARN_UNDECLARED_SELECTOR = YES;
				GCC_WARN_UNINITIALIZED_AUTOS = YES_AGGRESSIVE;
				GCC_WARN_UNUSED_FUNCTION = YES;
				GCC_WARN_UNUSED_VARIABLE = YES;
				IPHONEOS_DEPLOYMENT_TARGET = 9.2;
				MTL_ENABLE_DEBUG_INFO = YES;
				ONLY_ACTIVE_ARCH = YES;
				SDKROOT = iphoneos;
				SWIFT_OPTIMIZATION_LEVEL = "-Onone";
				TARGETED_DEVICE_FAMILY = "1,2";
			};
			name = Debug;
		};
		A771E7F61F04353200E99039 /* Release */ = {
			isa = XCBuildConfiguration;
			buildSettings = {
				ALWAYS_SEARCH_USER_PATHS = NO;
				CLANG_CXX_LANGUAGE_STANDARD = "gnu++0x";
				CLANG_CXX_LIBRARY = "libc++";
				CLANG_ENABLE_MODULES = YES;
				CLANG_ENABLE_OBJC_ARC = YES;
				CLANG_WARN_BOOL_CONVERSION = YES;
				CLANG_WARN_CONSTANT_CONVERSION = YES;
				CLANG_WARN_DIRECT_OBJC_ISA_USAGE = YES_ERROR;
				CLANG_WARN_EMPTY_BODY = YES;
				CLANG_WARN_ENUM_CONVERSION = YES;
				CLANG_WARN_INT_CONVERSION = YES;
				CLANG_WARN_OBJC_ROOT_CLASS = YES_ERROR;
				CLANG_WARN_UNREACHABLE_CODE = YES;
				CLANG_WARN__DUPLICATE_METHOD_MATCH = YES;
				"CODE_SIGN_IDENTITY[sdk=iphoneos*]" = "iPhone Developer";
				COPY_PHASE_STRIP = NO;
				DEBUG_INFORMATION_FORMAT = "dwarf-with-dsym";
				ENABLE_NS_ASSERTIONS = NO;
				ENABLE_STRICT_OBJC_MSGSEND = YES;
				GCC_C_LANGUAGE_STANDARD = gnu99;
				GCC_NO_COMMON_BLOCKS = YES;
				GCC_WARN_64_TO_32_BIT_CONVERSION = YES;
				GCC_WARN_ABOUT_RETURN_TYPE = YES_ERROR;
				GCC_WARN_UNDECLARED_SELECTOR = YES;
				GCC_WARN_UNINITIALIZED_AUTOS = YES_AGGRESSIVE;
				GCC_WARN_UNUSED_FUNCTION = YES;
				GCC_WARN_UNUSED_VARIABLE = YES;
				IPHONEOS_DEPLOYMENT_TARGET = 9.2;
				MTL_ENABLE_DEBUG_INFO = NO;
				SDKROOT = iphoneos;
				TARGETED_DEVICE_FAMILY = "1,2";
				VALIDATE_PRODUCT = YES;
			};
			name = Release;
		};
		A771E7F81F04353200E99039 /* Debug */ = {
			isa = XCBuildConfiguration;
			baseConfigurationReference = 3072FC4003DE71F0E9E80915 /* Pods-TestApp.debug.xcconfig */;
			buildSettings = {
				ASSETCATALOG_COMPILER_APPICON_NAME = AppIcon;
				INFOPLIST_FILE = TestApp/Info.plist;
				LD_RUNPATH_SEARCH_PATHS = "$(inherited) @executable_path/Frameworks";
				PRODUCT_BUNDLE_IDENTIFIER = com.oliver.TestApp;
				PRODUCT_NAME = "$(TARGET_NAME)";
				SWIFT_VERSION = 3.0;
			};
			name = Debug;
		};
		A771E7F91F04353200E99039 /* Release */ = {
			isa = XCBuildConfiguration;
			baseConfigurationReference = 9A9CCE494F958EC0C627CF55 /* Pods-TestApp.release.xcconfig */;
			buildSettings = {
				ASSETCATALOG_COMPILER_APPICON_NAME = AppIcon;
				INFOPLIST_FILE = TestApp/Info.plist;
				LD_RUNPATH_SEARCH_PATHS = "$(inherited) @executable_path/Frameworks";
				PRODUCT_BUNDLE_IDENTIFIER = com.oliver.TestApp;
				PRODUCT_NAME = "$(TARGET_NAME)";
				SWIFT_VERSION = 3.0;
			};
			name = Release;
		};
		A771E7FB1F04353200E99039 /* Debug */ = {
			isa = XCBuildConfiguration;
			baseConfigurationReference = C001E11E9E0C484BC88593EE /* Pods-TestAppTests.debug.xcconfig */;
			buildSettings = {
				BUNDLE_LOADER = "$(TEST_HOST)";
				INFOPLIST_FILE = TestAppTests/Info.plist;
				LD_RUNPATH_SEARCH_PATHS = "$(inherited) @executable_path/Frameworks @loader_path/Frameworks";
				PRODUCT_BUNDLE_IDENTIFIER = com.oliver.TestAppTests;
				PRODUCT_NAME = "$(TARGET_NAME)";
				SWIFT_VERSION = 3.0;
				TEST_HOST = "$(BUILT_PRODUCTS_DIR)/TestApp.app/TestApp";
			};
			name = Debug;
		};
		A771E7FC1F04353200E99039 /* Release */ = {
			isa = XCBuildConfiguration;
			baseConfigurationReference = A73CF477E3532A8D10B96992 /* Pods-TestAppTests.release.xcconfig */;
			buildSettings = {
				BUNDLE_LOADER = "$(TEST_HOST)";
				INFOPLIST_FILE = TestAppTests/Info.plist;
				LD_RUNPATH_SEARCH_PATHS = "$(inherited) @executable_path/Frameworks @loader_path/Frameworks";
				PRODUCT_BUNDLE_IDENTIFIER = com.oliver.TestAppTests;
				PRODUCT_NAME = "$(TARGET_NAME)";
				SWIFT_VERSION = 3.0;
				TEST_HOST = "$(BUILT_PRODUCTS_DIR)/TestApp.app/TestApp";
			};
			name = Release;
		};
/* End XCBuildConfiguration section */

/* Begin XCConfigurationList section */
		A771E7D51F04353200E99039 /* Build configuration list for PBXProject "TestApp" */ = {
			isa = XCConfigurationList;
			buildConfigurations = (
				A771E7F51F04353200E99039 /* Debug */,
				A771E7F61F04353200E99039 /* Release */,
			);
			defaultConfigurationIsVisible = 0;
			defaultConfigurationName = Release;
		};
		A771E7F71F04353200E99039 /* Build configuration list for PBXNativeTarget "TestApp" */ = {
			isa = XCConfigurationList;
			buildConfigurations = (
				A771E7F81F04353200E99039 /* Debug */,
				A771E7F91F04353200E99039 /* Release */,
			);
			defaultConfigurationIsVisible = 0;
			defaultConfigurationName = Release;
		};
		A771E7FA1F04353200E99039 /* Build configuration list for PBXNativeTarget "TestAppTests" */ = {
			isa = XCConfigurationList;
			buildConfigurations = (
				A771E7FB1F04353200E99039 /* Debug */,
				A771E7FC1F04353200E99039 /* Release */,
			);
			defaultConfigurationIsVisible = 0;
			defaultConfigurationName = Release;
		};
/* End XCConfigurationList section */
	};
	rootObject = A771E7D21F04353200E99039 /* Project object */;
}
